
Microsoft Visual Studio Solution File, Format Version 12.00
# Visual Studio 2013
VisualStudioVersion = 12.0.30501.0
MinimumVisualStudioVersion = 10.0.40219.1
Project("{2150E333-8FDC-42A3-9474-1A3956D46DE8}") = "Framework", "Framework", "{A69DD1E8-D8C3-492A-AE07-56A3E288EBCB}"
EndProject
Project("{2150E333-8FDC-42A3-9474-1A3956D46DE8}") = "BusinessLayer", "BusinessLayer", "{3950B383-02E0-4D1E-ABB7-436CB4FD9B0C}"
EndProject
Project("{FAE04EC0-301F-11D3-BF4B-00C04F79EFBC}") = "BusinessServer", "Framework\BusinessLayer\BusinessServer\BusinessServer.csproj", "{0258FA96-02B2-4E7E-8317-52AE7B141535}"
EndProject
Project("{2150E333-8FDC-42A3-9474-1A3956D46DE8}") = "EndPoint", "EndPoint", "{DD0A86AB-83EC-4C91-A6EC-F466C188E4E8}"
EndProject
Project("{2150E333-8FDC-42A3-9474-1A3956D46DE8}") = "Internet", "Internet", "{DF2893FF-7944-4688-AAFC-16AA5B5D4021}"
EndProject
Project("{2150E333-8FDC-42A3-9474-1A3956D46DE8}") = "Server", "Server", "{DA996AF7-5227-4D04-99A0-7F04A1A47296}"
EndProject
Project("{2150E333-8FDC-42A3-9474-1A3956D46DE8}") = "Client", "Client", "{98AA8B0A-9FF5-49FE-ADF7-70D448CDBB1B}"
EndProject
Project("{FAE04EC0-301F-11D3-BF4B-00C04F79EFBC}") = "Axis", "EndPoint\Internet\Server\Axis\Axis.csproj", "{BA825271-CC2D-419C-9C42-3E48E4A81339}"
EndProject
Project("{FAE04EC0-301F-11D3-BF4B-00C04F79EFBC}") = "CfpMessageExchange", "Framework\BusinessLayer\CfpMessageExchange\CfpMessageExchange.csproj", "{7882B80F-72E8-4857-BECC-4A5FAECF7BE7}"
EndProject
Project("{FAE04EC0-301F-11D3-BF4B-00C04F79EFBC}") = "Cryption", "Framework\BusinessLayer\Cryption\Cryption.csproj", "{87969684-11BA-44EE-89C7-1DE197236A61}"
EndProject
Global
	GlobalSection(SolutionConfigurationPlatforms) = preSolution
		Debug|Any CPU = Debug|Any CPU
		Release|Any CPU = Release|Any CPU
	EndGlobalSection
	GlobalSection(ProjectConfigurationPlatforms) = postSolution
		{0258FA96-02B2-4E7E-8317-52AE7B141535}.Debug|Any CPU.ActiveCfg = Debug|Any CPU
		{0258FA96-02B2-4E7E-8317-52AE7B141535}.Debug|Any CPU.Build.0 = Debug|Any CPU
		{0258FA96-02B2-4E7E-8317-52AE7B141535}.Release|Any CPU.ActiveCfg = Release|Any CPU
		{0258FA96-02B2-4E7E-8317-52AE7B141535}.Release|Any CPU.Build.0 = Release|Any CPU
		{BA825271-CC2D-419C-9C42-3E48E4A81339}.Debug|Any CPU.ActiveCfg = Debug|Any CPU
		{BA825271-CC2D-419C-9C42-3E48E4A81339}.Debug|Any CPU.Build.0 = Debug|Any CPU
		{BA825271-CC2D-419C-9C42-3E48E4A81339}.Release|Any CPU.ActiveCfg = Release|Any CPU
		{BA825271-CC2D-419C-9C42-3E48E4A81339}.Release|Any CPU.Build.0 = Release|Any CPU
		{7882B80F-72E8-4857-BECC-4A5FAECF7BE7}.Debug|Any CPU.ActiveCfg = Debug|Any CPU
		{7882B80F-72E8-4857-BECC-4A5FAECF7BE7}.Debug|Any CPU.Build.0 = Debug|Any CPU
		{7882B80F-72E8-4857-BECC-4A5FAECF7BE7}.Release|Any CPU.ActiveCfg = Release|Any CPU
		{7882B80F-72E8-4857-BECC-4A5FAECF7BE7}.Release|Any CPU.Build.0 = Release|Any CPU
		{87969684-11BA-44EE-89C7-1DE197236A61}.Debug|Any CPU.ActiveCfg = Debug|Any CPU
		{87969684-11BA-44EE-89C7-1DE197236A61}.Debug|Any CPU.Build.0 = Debug|Any CPU
		{87969684-11BA-44EE-89C7-1DE197236A61}.Release|Any CPU.ActiveCfg = Release|Any CPU
		{87969684-11BA-44EE-89C7-1DE197236A61}.Release|Any CPU.Build.0 = Release|Any CPU
	EndGlobalSection
	GlobalSection(SolutionProperties) = preSolution
		HideSolutionNode = FALSE
	EndGlobalSection
	GlobalSection(NestedProjects) = preSolution
		{3950B383-02E0-4D1E-ABB7-436CB4FD9B0C} = {A69DD1E8-D8C3-492A-AE07-56A3E288EBCB}
		{0258FA96-02B2-4E7E-8317-52AE7B141535} = {3950B383-02E0-4D1E-ABB7-436CB4FD9B0C}
		{DF2893FF-7944-4688-AAFC-16AA5B5D4021} = {DD0A86AB-83EC-4C91-A6EC-F466C188E4E8}
		{DA996AF7-5227-4D04-99A0-7F04A1A47296} = {DF2893FF-7944-4688-AAFC-16AA5B5D4021}
		{98AA8B0A-9FF5-49FE-ADF7-70D448CDBB1B} = {DF2893FF-7944-4688-AAFC-16AA5B5D4021}
		{BA825271-CC2D-419C-9C42-3E48E4A81339} = {DA996AF7-5227-4D04-99A0-7F04A1A47296}
		{7882B80F-72E8-4857-BECC-4A5FAECF7BE7} = {3950B383-02E0-4D1E-ABB7-436CB4FD9B0C}
		{87969684-11BA-44EE-89C7-1DE197236A61} = {3950B383-02E0-4D1E-ABB7-436CB4FD9B0C}
	EndGlobalSection
EndGlobal
